
Microsoft Visual Studio Solution File, Format Version 12.00
# Visual Studio Version 17
VisualStudioVersion = 17.2.32526.322
MinimumVisualStudioVersion = 10.0.40219.1
Project("{FAE04EC0-301F-11D3-BF4B-00C04F79EFBC}") = "SQL SERVER", "SQL SERVER\SQL SERVER.csproj", "{801F0286-019E-4850-97BE-D56EF0C905EF}"
EndProject
Global
	GlobalSection(SolutionConfigurationPlatforms) = preSolution
		Debug|Any CPU = Debug|Any CPU
		Release|Any CPU = Release|Any CPU
	EndGlobalSection
	GlobalSection(ProjectConfigurationPlatforms) = postSolution
		{801F0286-019E-4850-97BE-D56EF0C905EF}.Debug|Any CPU.ActiveCfg = Debug|Any CPU
		{801F0286-019E-4850-97BE-D56EF0C905EF}.Debug|Any CPU.Build.0 = Debug|Any CPU
		{801F0286-019E-4850-97BE-D56EF0C905EF}.Release|Any CPU.ActiveCfg = Release|Any CPU
		{801F0286-019E-4850-97BE-D56EF0C905EF}.Release|Any CPU.Build.0 = Release|Any CPU
	EndGlobalSection
	GlobalSection(SolutionProperties) = preSolution
		HideSolutionNode = FALSE
	EndGlobalSection
	GlobalSection(ExtensibilityGlobals) = postSolution
		SolutionGuid = {E1D14107-FE73-4194-81C9-F72C71E8B64B}
	EndGlobalSection
EndGlobal
